
Microsoft Visual Studio Solution File, Format Version 12.00
# Visual Studio Version 16
VisualStudioVersion = 16.0.29209.62
MinimumVisualStudioVersion = 10.0.40219.1
Project("{FAE04EC0-301F-11D3-BF4B-00C04F79EFBC}") = "locking", "locking.csproj", "{8D336056-37DB-4030-A9C4-15D554356B79}"
EndProject
Global
	GlobalSection(SolutionConfigurationPlatforms) = preSolution
		Debug|Any CPU = Debug|Any CPU
		Release|Any CPU = Release|Any CPU
	EndGlobalSection
	GlobalSection(ProjectConfigurationPlatforms) = postSolution
		{8D336056-37DB-4030-A9C4-15D554356B79}.Debug|Any CPU.ActiveCfg = Debug|Any CPU
		{8D336056-37DB-4030-A9C4-15D554356B79}.Debug|Any CPU.Build.0 = Debug|Any CPU
		{8D336056-37DB-4030-A9C4-15D554356B79}.Release|Any CPU.ActiveCfg = Release|Any CPU
		{8D336056-37DB-4030-A9C4-15D554356B79}.Release|Any CPU.Build.0 = Release|Any CPU
	EndGlobalSection
	GlobalSection(SolutionProperties) = preSolution
		HideSolutionNode = FALSE
	EndGlobalSection
	GlobalSection(ExtensibilityGlobals) = postSolution
		SolutionGuid = {1A1E568D-D1E7-4308-BCC3-B1B803E27ABA}
	EndGlobalSection
EndGlobal
