
Microsoft Visual Studio Solution File, Format Version 12.00
# Visual Studio Version 16
VisualStudioVersion = 16.0.29209.62
MinimumVisualStudioVersion = 10.0.40219.1
Project("{FAE04EC0-301F-11D3-BF4B-00C04F79EFBC}") = "ConsoleApp1", "ConsoleApp1.csproj", "{CC238282-08E2-44D5-99DF-CCED8851D4CC}"
EndProject
Global
	GlobalSection(SolutionConfigurationPlatforms) = preSolution
		Debug|Any CPU = Debug|Any CPU
		Release|Any CPU = Release|Any CPU
	EndGlobalSection
	GlobalSection(ProjectConfigurationPlatforms) = postSolution
		{CC238282-08E2-44D5-99DF-CCED8851D4CC}.Debug|Any CPU.ActiveCfg = Debug|Any CPU
		{CC238282-08E2-44D5-99DF-CCED8851D4CC}.Debug|Any CPU.Build.0 = Debug|Any CPU
		{CC238282-08E2-44D5-99DF-CCED8851D4CC}.Release|Any CPU.ActiveCfg = Release|Any CPU
		{CC238282-08E2-44D5-99DF-CCED8851D4CC}.Release|Any CPU.Build.0 = Release|Any CPU
	EndGlobalSection
	GlobalSection(SolutionProperties) = preSolution
		HideSolutionNode = FALSE
	EndGlobalSection
	GlobalSection(ExtensibilityGlobals) = postSolution
		SolutionGuid = {F8D3A2A9-348E-412A-A196-6FFAB602D8B1}
	EndGlobalSection
EndGlobal
